
Microsoft Visual Studio Solution File, Format Version 12.00
# Visual Studio 2013
VisualStudioVersion = 12.0.40629.0
MinimumVisualStudioVersion = 10.0.40219.1
Project("{FAE04EC0-301F-11D3-BF4B-00C04F79EFBC}") = "WcfExceptionHandling", "WcfExceptionHandling\WcfExceptionHandling.csproj", "{0A10C90D-F40B-487E-8221-BEF4087E79EA}"
EndProject
Project("{FAE04EC0-301F-11D3-BF4B-00C04F79EFBC}") = "ExampleServices", "ExampleServices\ExampleServices.csproj", "{9C33BC6E-FC95-4A16-9AD9-2FBD9E4B1AE0}"
EndProject
Global
	GlobalSection(SolutionConfigurationPlatforms) = preSolution
		Debug|Any CPU = Debug|Any CPU
		Release|Any CPU = Release|Any CPU
	EndGlobalSection
	GlobalSection(ProjectConfigurationPlatforms) = postSolution
		{0A10C90D-F40B-487E-8221-BEF4087E79EA}.Debug|Any CPU.ActiveCfg = Debug|Any CPU
		{0A10C90D-F40B-487E-8221-BEF4087E79EA}.Debug|Any CPU.Build.0 = Debug|Any CPU
		{0A10C90D-F40B-487E-8221-BEF4087E79EA}.Release|Any CPU.ActiveCfg = Release|Any CPU
		{0A10C90D-F40B-487E-8221-BEF4087E79EA}.Release|Any CPU.Build.0 = Release|Any CPU
		{9C33BC6E-FC95-4A16-9AD9-2FBD9E4B1AE0}.Debug|Any CPU.ActiveCfg = Debug|Any CPU
		{9C33BC6E-FC95-4A16-9AD9-2FBD9E4B1AE0}.Debug|Any CPU.Build.0 = Debug|Any CPU
		{9C33BC6E-FC95-4A16-9AD9-2FBD9E4B1AE0}.Release|Any CPU.ActiveCfg = Release|Any CPU
		{9C33BC6E-FC95-4A16-9AD9-2FBD9E4B1AE0}.Release|Any CPU.Build.0 = Release|Any CPU
	EndGlobalSection
	GlobalSection(SolutionProperties) = preSolution
		HideSolutionNode = FALSE
	EndGlobalSection
EndGlobal
